
Microsoft Visual Studio Solution File, Format Version 12.00
# Visual Studio Version 16
VisualStudioVersion = 16.0.29123.88
MinimumVisualStudioVersion = 10.0.40219.1
Project("{FAE04EC0-301F-11D3-BF4B-00C04F79EFBC}") = "WebApi", "WebApi\WebApi.csproj", "{13E06844-0867-4E3B-B233-053095B2FA2C}"
EndProject
Global
	GlobalSection(SolutionConfigurationPlatforms) = preSolution
		Debug|Any CPU = Debug|Any CPU
		Release|Any CPU = Release|Any CPU
	EndGlobalSection
	GlobalSection(ProjectConfigurationPlatforms) = postSolution
		{13E06844-0867-4E3B-B233-053095B2FA2C}.Debug|Any CPU.ActiveCfg = Debug|Any CPU
		{13E06844-0867-4E3B-B233-053095B2FA2C}.Debug|Any CPU.Build.0 = Debug|Any CPU
		{13E06844-0867-4E3B-B233-053095B2FA2C}.Release|Any CPU.ActiveCfg = Release|Any CPU
		{13E06844-0867-4E3B-B233-053095B2FA2C}.Release|Any CPU.Build.0 = Release|Any CPU
	EndGlobalSection
	GlobalSection(SolutionProperties) = preSolution
		HideSolutionNode = FALSE
	EndGlobalSection
	GlobalSection(ExtensibilityGlobals) = postSolution
		SolutionGuid = {E82B541A-8F0C-4BE4-881B-52B95BC81E7E}
	EndGlobalSection
EndGlobal
